
Microsoft Visual Studio Solution File, Format Version 11.00
# Visual Studio 2010
Project("{FAE04EC0-301F-11D3-BF4B-00C04F79EFBC}") = "ShareSDK", "Assembly-CSharp-firstpass.csproj", "{2F640A6C-B286-CF3F-EF88-5C18E00CE343}"
EndProject
Project("{FAE04EC0-301F-11D3-BF4B-00C04F79EFBC}") = "ShareSDK", "Assembly-CSharp.csproj", "{B13DFD76-F2C1-EE76-F4B1-80721D9FFF8F}"
EndProject
Global
	GlobalSection(SolutionConfigurationPlatforms) = preSolution
		Debug|Any CPU = Debug|Any CPU
		Release|Any CPU = Release|Any CPU
	EndGlobalSection
	GlobalSection(ProjectConfigurationPlatforms) = postSolution
		{2F640A6C-B286-CF3F-EF88-5C18E00CE343}.Debug|Any CPU.ActiveCfg = Debug|Any CPU
		{2F640A6C-B286-CF3F-EF88-5C18E00CE343}.Debug|Any CPU.Build.0 = Debug|Any CPU
		{2F640A6C-B286-CF3F-EF88-5C18E00CE343}.Release|Any CPU.ActiveCfg = Release|Any CPU
		{2F640A6C-B286-CF3F-EF88-5C18E00CE343}.Release|Any CPU.Build.0 = Release|Any CPU
		{B13DFD76-F2C1-EE76-F4B1-80721D9FFF8F}.Debug|Any CPU.ActiveCfg = Debug|Any CPU
		{B13DFD76-F2C1-EE76-F4B1-80721D9FFF8F}.Debug|Any CPU.Build.0 = Debug|Any CPU
		{B13DFD76-F2C1-EE76-F4B1-80721D9FFF8F}.Release|Any CPU.ActiveCfg = Release|Any CPU
		{B13DFD76-F2C1-EE76-F4B1-80721D9FFF8F}.Release|Any CPU.Build.0 = Release|Any CPU
	EndGlobalSection
	GlobalSection(SolutionProperties) = preSolution
		HideSolutionNode = FALSE
	EndGlobalSection
	GlobalSection(MonoDevelopProperties) = preSolution
		StartupItem = Assembly-CSharp.csproj
	EndGlobalSection
EndGlobal
