
Microsoft Visual Studio Solution File, Format Version 12.00
# Visual Studio 15
Project("{FAE04EC0-301F-11D3-BF4B-00C04F79EFBC}") = "buildAppTest", "buildAppTest.csproj", "{6A513633-4DB0-DEE6-244B-61693F8F69B2}"
EndProject
Project("{FAE04EC0-301F-11D3-BF4B-00C04F79EFBC}") = "buildAppTest.Editor", "buildAppTest.Editor.csproj", "{65F75A98-0B4F-0535-3F3D-3D34BE3339EA}"
EndProject
Global
	GlobalSection(SolutionConfigurationPlatforms) = preSolution
		Debug|Any CPU = Debug|Any CPU
		Release|Any CPU = Release|Any CPU
	EndGlobalSection
	GlobalSection(ProjectConfigurationPlatforms) = postSolution
		{6A513633-4DB0-DEE6-244B-61693F8F69B2}.Debug|Any CPU.ActiveCfg = Debug|Any CPU
		{6A513633-4DB0-DEE6-244B-61693F8F69B2}.Debug|Any CPU.Build.0 = Debug|Any CPU
		{6A513633-4DB0-DEE6-244B-61693F8F69B2}.Release|Any CPU.ActiveCfg = Release|Any CPU
		{6A513633-4DB0-DEE6-244B-61693F8F69B2}.Release|Any CPU.Build.0 = Release|Any CPU
		{65F75A98-0B4F-0535-3F3D-3D34BE3339EA}.Debug|Any CPU.ActiveCfg = Debug|Any CPU
		{65F75A98-0B4F-0535-3F3D-3D34BE3339EA}.Debug|Any CPU.Build.0 = Debug|Any CPU
		{65F75A98-0B4F-0535-3F3D-3D34BE3339EA}.Release|Any CPU.ActiveCfg = Release|Any CPU
		{65F75A98-0B4F-0535-3F3D-3D34BE3339EA}.Release|Any CPU.Build.0 = Release|Any CPU
	EndGlobalSection
	GlobalSection(SolutionProperties) = preSolution
		HideSolutionNode = FALSE
	EndGlobalSection
EndGlobal
